PODS:
  - MinipaySDK (1.0.1):
    - SnapKit (~> 5.0.0)
  - SnapKit (5.0.1)

DEPENDENCIES:
  - MinipaySDK (from `../`)
  - SnapKit (~> 5.0.0)

SPEC REPOS:
  trunk:
    - SnapKit

EXTERNAL SOURCES:
  MinipaySDK:
    :path: "../"

SPEC CHECKSUMS:
  MinipaySDK: c68c69ed793e15a24f34304e2c4ceb90bf82ea1a
  SnapKit: 97b92857e3df3a0c71833cce143274bf6ef8e5eb

PODFILE CHECKSUM: d59668fb97d84b4ab86a1598758588503f7e8cfe

COCOAPODS: 1.10.1
